// !$*UTF8*$!
{
	archiveVersion = 1;
	classes = {
	};
	objectVersion = 46;
	objects = {

/* Begin PBXBuildFile section */
		6B26A9611BD6E79100367CEB /* AppDelegate.m in Sources */ = {isa = PBXBuildFile; fileRef = 6B26A9601BD6E79100367CEB /* AppDelegate.m */; };
		6B26A9641BD6E79100367CEB /* main.m in Sources */ = {isa = PBXBuildFile; fileRef = 6B26A9631BD6E79100367CEB /* main.m */; };
		6B26A9661BD6E79100367CEB /* Assets.xcassets in Resources */ = {isa = PBXBuildFile; fileRef = 6B26A9651BD6E79100367CEB /* Assets.xcassets */; };
		6B26A9691BD6E79100367CEB /* MainMenu.xib in Resources */ = {isa = PBXBuildFile; fileRef = 6B26A9671BD6E79100367CEB /* MainMenu.xib */; };
/* End PBXBuildFile section */

/* Begin PBXFileReference section */
		6B26A95C1BD6E79100367CEB /* Simulator.app */ = {isa = PBXFileReference; explicitFileType = wrapper.application; includeInIndex = 0; path = Simulator.app; sourceTree = BUILT_PRODUCTS_DIR; };
		6B26A95F1BD6E79100367CEB /* AppDelegate.h */ = {isa = PBXFileReference; lastKnownFileType = sourcecode.c.h; path = AppDelegate.h; sourceTree = "<group>"; };
		6B26A9601BD6E79100367CEB /* AppDelegate.m */ = {isa = PBXFileReference; lastKnownFileType = sourcecode.c.objc; path = AppDelegate.m; sourceTree = "<group>"; };
		6B26A9631BD6E79100367CEB /* main.m */ = {isa = PBXFileReference; lastKnownFileType = sourcecode.c.objc; path = main.m; sourceTree = "<group>"; };
		6B26A9651BD6E79100367CEB /* Assets.xcassets */ = {isa = PBXFileReference; lastKnownFileType = folder.assetcatalog; path = Assets.xcassets; sourceTree = "<group>"; };
		6B26A9681BD6E79100367CEB /* Base */ = {isa = PBXFileReference; lastKnownFileType = file.xib; name = Base; path = Base.lproj/MainMenu.xib; sourceTree = "<group>"; };
		6B26A96A1BD6E79100367CEB /* Info.plist */ = {isa = PBXFileReference; lastKnownFileType = text.plist.xml; path = Info.plist; sourceTree = "<group>"; };
/* End PBXFileReference section */

/* Begin PBXFrameworksBuildPhase section */
		6B26A9591BD6E79100367CEB /* Frameworks */ = {
			isa = PBXFrameworksBuildPhase;
			buildActionMask = 2147483647;
			files = (
			);
			runOnlyForDeploymentPostprocessing = 0;
		};
/* End PBXFrameworksBuildPhase section */

/* Begin PBXGroup section */
		6B26A9531BD6E79100367CEB = {
			isa = PBXGroup;
			children = (
				6B26A95E1BD6E79100367CEB /* Simulator */,
				6B26A95D1BD6E79100367CEB /* Products */,
			);
			sourceTree = "<group>";
		};
		6B26A95D1BD6E79100367CEB /* Products */ = {
			isa = PBXGroup;
			children = (
				6B26A95C1BD6E79100367CEB /* Simulator.app */,
			);
			name = Products;
			sourceTree = "<group>";
		};
		6B26A95E1BD6E79100367CEB /* Simulator */ = {
			isa = PBXGroup;
			children = (
				6B26A95F1BD6E79100367CEB /* AppDelegate.h */,
				6B26A9601BD6E79100367CEB /* AppDelegate.m */,
				6B26A9651BD6E79100367CEB /* Assets.xcassets */,
				6B26A9671BD6E79100367CEB /* MainMenu.xib */,
				6B26A96A1BD6E79100367CEB /* Info.plist */,
				6B26A9621BD6E79100367CEB /* Supporting Files */,
			);
			path = Simulator;
			sourceTree = "<group>";
		};
		6B26A9621BD6E79100367CEB /* Supporting Files */ = {
			isa = PBXGroup;
			children = (
				6B26A9631BD6E79100367CEB /* main.m */,
			);
			name = "Supporting Files";
			sourceTree = "<group>";
		};
/* End PBXGroup section */

/* Begin PBXNativeTarget section */
		6B26A95B1BD6E79100367CEB /* Simulator */ = {
			isa = PBXNativeTarget;
			buildConfigurationList = 6B26A96D1BD6E79100367CEB /* Build configuration list for PBXNativeTarget "Simulator" */;
			buildPhases = (
				6B26A9581BD6E79100367CEB /* Sources */,
				6B26A9591BD6E79100367CEB /* Frameworks */,
				6B26A95A1BD6E79100367CEB /* Resources */,
			);
			buildRules = (
			);
			dependencies = (
			);
			name = Simulator;
			productName = Simulator;
			productReference = 6B26A95C1BD6E79100367CEB /* Simulator.app */;
			productType = "com.apple.product-type.application";
		};
/* End PBXNativeTarget section */

/* Begin PBXProject section */
		6B26A9541BD6E79100367CEB /* Project object */ = {
			isa = PBXProject;
			attributes = {
				LastUpgradeCheck = 0700;
				ORGANIZATIONNAME = "App Liaison Inc";
				TargetAttributes = {
					6B26A95B1BD6E79100367CEB = {
						CreatedOnToolsVersion = 7.0.1;
					};
				};
			};
			buildConfigurationList = 6B26A9571BD6E79100367CEB /* Build configuration list for PBXProject "Simulator" */;
			compatibilityVersion = "Xcode 3.2";
			developmentRegion = English;
			hasScannedForEncodings = 0;
			knownRegions = (
				en,
				Base,
			);
			mainGroup = 6B26A9531BD6E79100367CEB;
			productRefGroup = 6B26A95D1BD6E79100367CEB /* Products */;
			projectDirPath = "";
			projectRoot = "";
			targets = (
				6B26A95B1BD6E79100367CEB /* Simulator */,
			);
		};
/* End PBXProject section */

/* Begin PBXResourcesBuildPhase section */
		6B26A95A1BD6E79100367CEB /* Resources */ = {
			isa = PBXResourcesBuildPhase;
			buildActionMask = 2147483647;
			files = (
				6B26A9661BD6E79100367CEB /* Assets.xcassets in Resources */,
				6B26A9691BD6E79100367CEB /* MainMenu.xib in Resources */,
			);
			runOnlyForDeploymentPostprocessing = 0;
		};
/* End PBXResourcesBuildPhase section */

/* Begin PBXSourcesBuildPhase section */
		6B26A9581BD6E79100367CEB /* Sources */ = {
			isa = PBXSourcesBuildPhase;
			buildActionMask = 2147483647;
			files = (
				6B26A9641BD6E79100367CEB /* main.m in Sources */,
				6B26A9611BD6E79100367CEB /* AppDelegate.m in Sources */,
			);
			runOnlyForDeploymentPostprocessing = 0;
		};
/* End PBXSourcesBuildPhase section */

/* Begin PBXVariantGroup section */
		6B26A9671BD6E79100367CEB /* MainMenu.xib */ = {
			isa = PBXVariantGroup;
			children = (
				6B26A9681BD6E79100367CEB /* Base */,
			);
			name = MainMenu.xib;
			sourceTree = "<group>";
		};
/* End PBXVariantGroup section */

/* Begin XCBuildConfiguration section */
		6B26A96B1BD6E79100367CEB /* Debug */ = {
			isa = XCBuildConfiguration;
			buildSettings = {
				ALWAYS_SEARCH_USER_PATHS = NO;
				CLANG_CXX_LANGUAGE_STANDARD = "gnu++0x";
				CLANG_CXX_LIBRARY = "libc++";
				CLANG_ENABLE_MODULES = YES;
				CLANG_ENABLE_OBJC_ARC = YES;
				CLANG_WARN_BOOL_CONVERSION = YES;
				CLANG_WARN_CONSTANT_CONVERSION = YES;
				CLANG_WARN_DIRECT_OBJC_ISA_USAGE = YES_ERROR;
				CLANG_WARN_EMPTY_BODY = YES;
				CLANG_WARN_ENUM_CONVERSION = YES;
				CLANG_WARN_INT_CONVERSION = YES;
				CLANG_WARN_OBJC_ROOT_CLASS = YES_ERROR;
				CLANG_WARN_UNREACHABLE_CODE = YES;
				CLANG_WARN__DUPLICATE_METHOD_MATCH = YES;
				CODE_SIGN_IDENTITY = "-";
				COPY_PHASE_STRIP = NO;
				DEBUG_INFORMATION_FORMAT = dwarf;
				ENABLE_STRICT_OBJC_MSGSEND = YES;
				ENABLE_TESTABILITY = YES;
				GCC_C_LANGUAGE_STANDARD = gnu99;
				GCC_DYNAMIC_NO_PIC = NO;
				GCC_NO_COMMON_BLOCKS = YES;
				GCC_OPTIMIZATION_LEVEL = 0;
				GCC_PREPROCESSOR_DEFINITIONS = (
					"DEBUG=1",
					"$(inherited)",
				);
				GCC_WARN_64_TO_32_BIT_CONVERSION = YES;
				GCC_WARN_ABOUT_RETURN_TYPE = YES_ERROR;
				GCC_WARN_UNDECLARED_SELECTOR = YES;
				GCC_WARN_UNINITIALIZED_AUTOS = YES_AGGRESSIVE;
				GCC_WARN_UNUSED_FUNCTION = YES;
				GCC_WARN_UNUSED_VARIABLE = YES;
				MACOSX_DEPLOYMENT_TARGET = 10.10;
				MTL_ENABLE_DEBUG_INFO = YES;
				ONLY_ACTIVE_ARCH = YES;
				SDKROOT = macosx;
			};
			name = Debug;
		};
		6B26A96C1BD6E79100367CEB /* Release */ = {
			isa = XCBuildConfiguration;
			buildSettings = {
				ALWAYS_SEARCH_USER_PATHS = NO;
				CLANG_CXX_LANGUAGE_STANDARD = "gnu++0x";
				CLANG_CXX_LIBRARY = "libc++";
				CLANG_ENABLE_MODULES = YES;
				CLANG_ENABLE_OBJC_ARC = YES;
				CLANG_WARN_BOOL_CONVERSION = YES;
				CLANG_WARN_CONSTANT_CONVERSION = YES;
				CLANG_WARN_DIRECT_OBJC_ISA_USAGE = YES_ERROR;
				CLANG_WARN_EMPTY_BODY = YES;
				CLANG_WARN_ENUM_CONVERSION = YES;
				CLANG_WARN_INT_CONVERSION = YES;
				CLANG_WARN_OBJC_ROOT_CLASS = YES_ERROR;
				CLANG_WARN_UNREACHABLE_CODE = YES;
				CLANG_WARN__DUPLICATE_METHOD_MATCH = YES;
				CODE_SIGN_IDENTITY = "-";
				COPY_PHASE_STRIP = NO;
				DEBUG_INFORMATION_FORMAT = "dwarf-with-dsym";
				ENABLE_NS_ASSERTIONS = NO;
				ENABLE_STRICT_OBJC_MSGSEND = YES;
				GCC_C_LANGUAGE_STANDARD = gnu99;
				GCC_NO_COMMON_BLOCKS = YES;
				GCC_WARN_64_TO_32_BIT_CONVERSION = YES;
				GCC_WARN_ABOUT_RETURN_TYPE = YES_ERROR;
				GCC_WARN_UNDECLARED_SELECTOR = YES;
				GCC_WARN_UNINITIALIZED_AUTOS = YES_AGGRESSIVE;
				GCC_WARN_UNUSED_FUNCTION = YES;
				GCC_WARN_UNUSED_VARIABLE = YES;
				MACOSX_DEPLOYMENT_TARGET = 10.10;
				MTL_ENABLE_DEBUG_INFO = NO;
				SDKROOT = macosx;
			};
			name = Release;
		};
		6B26A96E1BD6E79100367CEB /* Debug */ = {
			isa = XCBuildConfiguration;
			buildSettings = {
				ASSETCATALOG_COMPILER_APPICON_NAME = AppIcon;
				COMBINE_HIDPI_IMAGES = YES;
				INFOPLIST_FILE = Simulator/Info.plist;
				LD_RUNPATH_SEARCH_PATHS = "$(inherited) @executable_path/../Frameworks";
				PRODUCT_BUNDLE_IDENTIFIER = com.appliaison.mobile.Simulator;
				PRODUCT_NAME = "$(TARGET_NAME)";
			};
			name = Debug;
		};
		6B26A96F1BD6E79100367CEB /* Release */ = {
			isa = XCBuildConfiguration;
			buildSettings = {
				ASSETCATALOG_COMPILER_APPICON_NAME = AppIcon;
				COMBINE_HIDPI_IMAGES = YES;
				INFOPLIST_FILE = Simulator/Info.plist;
				LD_RUNPATH_SEARCH_PATHS = "$(inherited) @executable_path/../Frameworks";
				PRODUCT_BUNDLE_IDENTIFIER = com.appliaison.mobile.Simulator;
				PRODUCT_NAME = "$(TARGET_NAME)";
			};
			name = Release;
		};
/* End XCBuildConfiguration section */

/* Begin XCConfigurationList section */
		6B26A9571BD6E79100367CEB /* Build configuration list for PBXProject "Simulator" */ = {
			isa = XCConfigurationList;
			buildConfigurations = (
				6B26A96B1BD6E79100367CEB /* Debug */,
				6B26A96C1BD6E79100367CEB /* Release */,
			);
			defaultConfigurationIsVisible = 0;
			defaultConfigurationName = Release;
		};
		6B26A96D1BD6E79100367CEB /* Build configuration list for PBXNativeTarget "Simulator" */ = {
			isa = XCConfigurationList;
			buildConfigurations = (
				6B26A96E1BD6E79100367CEB /* Debug */,
				6B26A96F1BD6E79100367CEB /* Release */,
			);
			defaultConfigurationIsVisible = 0;
		};
/* End XCConfigurationList section */
	};
	rootObject = 6B26A9541BD6E79100367CEB /* Project object */;
}
